
Microsoft Visual Studio Solution File, Format Version 12.00
# Visual Studio 2015
Project("{FAE04EC0-301F-11D3-BF4B-00C04F79EFBC}") = "Snowboard Game.Plugins", "Snowboard Game.Plugins.csproj", "{A3B803BF-7E03-EECF-F19C-6A4DBECE1741}"
EndProject
Project("{FAE04EC0-301F-11D3-BF4B-00C04F79EFBC}") = "Snowboard Game", "Snowboard Game.csproj", "{2F010139-12F6-AA10-0D90-8E4AAD0A048B}"
EndProject
Project("{FAE04EC0-301F-11D3-BF4B-00C04F79EFBC}") = "Snowboard Game.Editor", "Snowboard Game.Editor.csproj", "{D481DB5B-F907-D96C-D547-13A312883C76}"
EndProject
Global
	GlobalSection(SolutionConfigurationPlatforms) = preSolution
		Debug|Any CPU = Debug|Any CPU
		Release|Any CPU = Release|Any CPU
	EndGlobalSection
	GlobalSection(ProjectConfigurationPlatforms) = postSolution
		{A3B803BF-7E03-EECF-F19C-6A4DBECE1741}.Debug|Any CPU.ActiveCfg = Debug|Any CPU
		{A3B803BF-7E03-EECF-F19C-6A4DBECE1741}.Debug|Any CPU.Build.0 = Debug|Any CPU
		{A3B803BF-7E03-EECF-F19C-6A4DBECE1741}.Release|Any CPU.ActiveCfg = Release|Any CPU
		{A3B803BF-7E03-EECF-F19C-6A4DBECE1741}.Release|Any CPU.Build.0 = Release|Any CPU
		{2F010139-12F6-AA10-0D90-8E4AAD0A048B}.Debug|Any CPU.ActiveCfg = Debug|Any CPU
		{2F010139-12F6-AA10-0D90-8E4AAD0A048B}.Debug|Any CPU.Build.0 = Debug|Any CPU
		{2F010139-12F6-AA10-0D90-8E4AAD0A048B}.Release|Any CPU.ActiveCfg = Release|Any CPU
		{2F010139-12F6-AA10-0D90-8E4AAD0A048B}.Release|Any CPU.Build.0 = Release|Any CPU
		{D481DB5B-F907-D96C-D547-13A312883C76}.Debug|Any CPU.ActiveCfg = Debug|Any CPU
		{D481DB5B-F907-D96C-D547-13A312883C76}.Debug|Any CPU.Build.0 = Debug|Any CPU
		{D481DB5B-F907-D96C-D547-13A312883C76}.Release|Any CPU.ActiveCfg = Release|Any CPU
		{D481DB5B-F907-D96C-D547-13A312883C76}.Release|Any CPU.Build.0 = Release|Any CPU
	EndGlobalSection
	GlobalSection(SolutionProperties) = preSolution
		HideSolutionNode = FALSE
	EndGlobalSection
EndGlobal
