Microsoft Visual Studio Solution File, Format Version 11.00
# Visual Studio 2008

Project("{2E58EB87-EE49-CBF8-C69F-775C0CACE0CD}") = "Snowboard Game", "Assembly-CSharp-firstpass.csproj", "{A68CC977-54C1-A66D-21AD-EBCF60AF32BA}"
EndProject
Project("{2E58EB87-EE49-CBF8-C69F-775C0CACE0CD}") = "Snowboard Game", "Assembly-CSharp.csproj", "{073CB8F1-9B76-AB62-7020-E74EF99B0E83}"
EndProject
Project("{2E58EB87-EE49-CBF8-C69F-775C0CACE0CD}") = "Snowboard Game", "Assembly-CSharp-Editor.csproj", "{1A80FCE7-D03C-C992-60D0-A0233F1D496C}"
EndProject
Global
	GlobalSection(SolutionConfigurationPlatforms) = preSolution
		Debug|Any CPU = Debug|Any CPU
		Release|Any CPU = Release|Any CPU
	EndGlobalSection
	GlobalSection(ProjectConfigurationPlatforms) = postSolution
		{A68CC977-54C1-A66D-21AD-EBCF60AF32BA}.Debug|Any CPU.ActiveCfg = Debug|Any CPU
		{A68CC977-54C1-A66D-21AD-EBCF60AF32BA}.Debug|Any CPU.Build.0 = Debug|Any CPU
		{A68CC977-54C1-A66D-21AD-EBCF60AF32BA}.Release|Any CPU.ActiveCfg = Release|Any CPU
		{A68CC977-54C1-A66D-21AD-EBCF60AF32BA}.Release|Any CPU.Build.0 = Release|Any CPU
		{073CB8F1-9B76-AB62-7020-E74EF99B0E83}.Debug|Any CPU.ActiveCfg = Debug|Any CPU
		{073CB8F1-9B76-AB62-7020-E74EF99B0E83}.Debug|Any CPU.Build.0 = Debug|Any CPU
		{073CB8F1-9B76-AB62-7020-E74EF99B0E83}.Release|Any CPU.ActiveCfg = Release|Any CPU
		{073CB8F1-9B76-AB62-7020-E74EF99B0E83}.Release|Any CPU.Build.0 = Release|Any CPU
		{1A80FCE7-D03C-C992-60D0-A0233F1D496C}.Debug|Any CPU.ActiveCfg = Debug|Any CPU
		{1A80FCE7-D03C-C992-60D0-A0233F1D496C}.Debug|Any CPU.Build.0 = Debug|Any CPU
		{1A80FCE7-D03C-C992-60D0-A0233F1D496C}.Release|Any CPU.ActiveCfg = Release|Any CPU
		{1A80FCE7-D03C-C992-60D0-A0233F1D496C}.Release|Any CPU.Build.0 = Release|Any CPU
	EndGlobalSection
	GlobalSection(SolutionProperties) = preSolution
		HideSolutionNode = FALSE
	EndGlobalSection
	GlobalSection(MonoDevelopProperties) = preSolution
		StartupItem = Assembly-CSharp.csproj
	EndGlobalSection
EndGlobal
